
Microsoft Visual Studio Solution File, Format Version 12.00
# Visual Studio Version 17
VisualStudioVersion = 17.11.35312.102
MinimumVisualStudioVersion = 10.0.40219.1
Project("{FAE04EC0-301F-11D3-BF4B-00C04F79EFBC}") = "BookListsWebApp", "BookListsWebApp\BookListsWebApp.csproj", "{894F3C60-69DC-42B6-A923-E89886E6249D}"
EndProject
Global
	GlobalSection(SolutionConfigurationPlatforms) = preSolution
		Debug|Any CPU = Debug|Any CPU
		Release|Any CPU = Release|Any CPU
	EndGlobalSection
	GlobalSection(ProjectConfigurationPlatforms) = postSolution
		{894F3C60-69DC-42B6-A923-E89886E6249D}.Debug|Any CPU.ActiveCfg = Debug|Any CPU
		{894F3C60-69DC-42B6-A923-E89886E6249D}.Debug|Any CPU.Build.0 = Debug|Any CPU
		{894F3C60-69DC-42B6-A923-E89886E6249D}.Release|Any CPU.ActiveCfg = Release|Any CPU
		{894F3C60-69DC-42B6-A923-E89886E6249D}.Release|Any CPU.Build.0 = Release|Any CPU
	EndGlobalSection
	GlobalSection(SolutionProperties) = preSolution
		HideSolutionNode = FALSE
	EndGlobalSection
	GlobalSection(ExtensibilityGlobals) = postSolution
		SolutionGuid = {47D4DF52-5E36-4883-85D8-614FF9C07C63}
	EndGlobalSection
EndGlobal
